{
  "version": 4,
  "terraform_version": "1.3.6",
  "serial": 7,
  "lineage": "01e47e7f-45f0-1d33-753d-98dfd82d1d90",
  "outputs": {},
  "resources": [
    {
      "mode": "managed",
      "type": "azurerm_resource_group",
      "name": "terraformrg",
      "provider": "provider[\"registry.terraform.io/hashicorp/azurerm\"]",
      "instances": [
        {
          "schema_version": 0,
          "attributes": {
            "id": "/subscriptions/2d705fd4-66d4-4297-85b4-26b2b63205cf/resourceGroups/terraformrg",
            "location": "eastus",
            "name": "terraformrg",
            "tags": null,
            "timeouts": null
          },
          "sensitive_attributes": [],
          "private": "eyJlMmJmYjczMC1lY2FhLTExZTYtOGY4OC0zNDM2M2JjN2M0YzAiOnsiY3JlYXRlIjo1NDAwMDAwMDAwMDAwLCJkZWxldGUiOjU0MDAwMDAwMDAwMDAsInJlYWQiOjMwMDAwMDAwMDAwMCwidXBkYXRlIjo1NDAwMDAwMDAwMDAwfX0="
        }
      ]
    },
    {
      "mode": "managed",
      "type": "azurerm_storage_account",
      "name": "yunusstorageaccount",
      "provider": "provider[\"registry.terraform.io/hashicorp/azurerm\"]",
      "instances": [
        {
          "schema_version": 3,
          "attributes": {
            "access_tier": "Hot",
            "account_kind": "StorageV2",
            "account_replication_type": "GRS",
            "account_tier": "Standard",
            "allow_nested_items_to_be_public": true,
            "azure_files_authentication": [],
            "blob_properties": [
              {
                "change_feed_enabled": false,
                "container_delete_retention_policy": [],
                "cors_rule": [],
                "default_service_version": "",
                "delete_retention_policy": [],
                "last_access_time_enabled": false,
                "versioning_enabled": false
              }
            ],
            "custom_domain": [],
            "customer_managed_key": [],
            "edge_zone": "",
            "enable_https_traffic_only": true,
            "id": "/subscriptions/2d705fd4-66d4-4297-85b4-26b2b63205cf/resourceGroups/terraformrg/providers/Microsoft.Storage/storageAccounts/yunusyterraformstorage",
            "identity": [],
            "infrastructure_encryption_enabled": false,
            "is_hns_enabled": false,
            "large_file_share_enabled": null,
            "location": "eastus",
            "min_tls_version": "TLS1_2",
            "name": "yunusyterraformstorage",
            "network_rules": [
              {
                "bypass": [
                  "AzureServices"
                ],
                "default_action": "Allow",
                "ip_rules": [],
                "private_link_access": [],
                "virtual_network_subnet_ids": []
              }
            ],
            "nfsv3_enabled": false,
            "primary_access_key": "6/3C5pl/8C0B5mFSg8qQTAwLHbGauWVkfGOn7YX9oSahuGxMzyVfQCVPWejkf/ID6eLYAxp/5Yb9+AStvwSIJg==",
            "primary_blob_connection_string": "DefaultEndpointsProtocol=https;BlobEndpoint=https://yunusyterraformstorage.blob.core.windows.net/;AccountName=yunusyterraformstorage;AccountKey=6/3C5pl/8C0B5mFSg8qQTAwLHbGauWVkfGOn7YX9oSahuGxMzyVfQCVPWejkf/ID6eLYAxp/5Yb9+AStvwSIJg==",
            "primary_blob_endpoint": "https://yunusyterraformstorage.blob.core.windows.net/",
            "primary_blob_host": "yunusyterraformstorage.blob.core.windows.net",
            "primary_connection_string": "DefaultEndpointsProtocol=https;AccountName=yunusyterraformstorage;AccountKey=6/3C5pl/8C0B5mFSg8qQTAwLHbGauWVkfGOn7YX9oSahuGxMzyVfQCVPWejkf/ID6eLYAxp/5Yb9+AStvwSIJg==;EndpointSuffix=core.windows.net",
            "primary_dfs_endpoint": "https://yunusyterraformstorage.dfs.core.windows.net/",
            "primary_dfs_host": "yunusyterraformstorage.dfs.core.windows.net",
            "primary_file_endpoint": "https://yunusyterraformstorage.file.core.windows.net/",
            "primary_file_host": "yunusyterraformstorage.file.core.windows.net",
            "primary_location": "eastus",
            "primary_queue_endpoint": "https://yunusyterraformstorage.queue.core.windows.net/",
            "primary_queue_host": "yunusyterraformstorage.queue.core.windows.net",
            "primary_table_endpoint": "https://yunusyterraformstorage.table.core.windows.net/",
            "primary_table_host": "yunusyterraformstorage.table.core.windows.net",
            "primary_web_endpoint": "https://yunusyterraformstorage.z13.web.core.windows.net/",
            "primary_web_host": "yunusyterraformstorage.z13.web.core.windows.net",
            "queue_encryption_key_type": "Service",
            "queue_properties": [
              {
                "cors_rule": [],
                "hour_metrics": [
                  {
                    "enabled": true,
                    "include_apis": true,
                    "retention_policy_days": 7,
                    "version": "1.0"
                  }
                ],
                "logging": [
                  {
                    "delete": false,
                    "read": false,
                    "retention_policy_days": 0,
                    "version": "1.0",
                    "write": false
                  }
                ],
                "minute_metrics": [
                  {
                    "enabled": false,
                    "include_apis": false,
                    "retention_policy_days": 0,
                    "version": "1.0"
                  }
                ]
              }
            ],
            "resource_group_name": "terraformrg",
            "routing": [],
            "secondary_access_key": "rcsCP0dw4Zy+BPqb59eJ1muN2d5yi6JmTVctd0Na8E0fNFj2qforP8kyiMNpfWmyWQ29VTuhLl7C+AStbVFhNA==",
            "secondary_blob_connection_string": "",
            "secondary_blob_endpoint": null,
            "secondary_blob_host": null,
            "secondary_connection_string": "DefaultEndpointsProtocol=https;AccountName=yunusyterraformstorage;AccountKey=rcsCP0dw4Zy+BPqb59eJ1muN2d5yi6JmTVctd0Na8E0fNFj2qforP8kyiMNpfWmyWQ29VTuhLl7C+AStbVFhNA==;EndpointSuffix=core.windows.net",
            "secondary_dfs_endpoint": null,
            "secondary_dfs_host": null,
            "secondary_file_endpoint": null,
            "secondary_file_host": null,
            "secondary_location": "westus",
            "secondary_queue_endpoint": null,
            "secondary_queue_host": null,
            "secondary_table_endpoint": null,
            "secondary_table_host": null,
            "secondary_web_endpoint": null,
            "secondary_web_host": null,
            "share_properties": [
              {
                "cors_rule": [],
                "retention_policy": [
                  {
                    "days": 7
                  }
                ],
                "smb": []
              }
            ],
            "shared_access_key_enabled": true,
            "static_website": [],
            "table_encryption_key_type": "Service",
            "tags": {
              "environment": "staging"
            },
            "timeouts": null
          },
          "sensitive_attributes": [],
          "private": "eyJlMmJmYjczMC1lY2FhLTExZTYtOGY4OC0zNDM2M2JjN2M0YzAiOnsiY3JlYXRlIjozNjAwMDAwMDAwMDAwLCJkZWxldGUiOjM2MDAwMDAwMDAwMDAsInJlYWQiOjMwMDAwMDAwMDAwMCwidXBkYXRlIjozNjAwMDAwMDAwMDAwfSwic2NoZW1hX3ZlcnNpb24iOiIzIn0=",
          "dependencies": [
            "azurerm_resource_group.terraformrg"
          ]
        }
      ]
    }
  ],
  "check_results": null
}
